
Microsoft Visual Studio Solution File, Format Version 12.00
# Visual Studio Version 17
VisualStudioVersion = 17.7.34031.279
MinimumVisualStudioVersion = 10.0.40219.1
Project("{FAE04EC0-301F-11D3-BF4B-00C04F79EFBC}") = "ST10067544_AWehProd_Producer", "ST10067544_AWehProd_Producer.csproj", "{241BC1D5-38F8-4E87-AE2F-23DF4C53B2E2}"
EndProject
Global
	GlobalSection(SolutionConfigurationPlatforms) = preSolution
		Debug|Any CPU = Debug|Any CPU
		Release|Any CPU = Release|Any CPU
	EndGlobalSection
	GlobalSection(ProjectConfigurationPlatforms) = postSolution
		{241BC1D5-38F8-4E87-AE2F-23DF4C53B2E2}.Debug|Any CPU.ActiveCfg = Debug|Any CPU
		{241BC1D5-38F8-4E87-AE2F-23DF4C53B2E2}.Debug|Any CPU.Build.0 = Debug|Any CPU
		{241BC1D5-38F8-4E87-AE2F-23DF4C53B2E2}.Release|Any CPU.ActiveCfg = Release|Any CPU
		{241BC1D5-38F8-4E87-AE2F-23DF4C53B2E2}.Release|Any CPU.Build.0 = Release|Any CPU
	EndGlobalSection
	GlobalSection(SolutionProperties) = preSolution
		HideSolutionNode = FALSE
	EndGlobalSection
	GlobalSection(ExtensibilityGlobals) = postSolution
		SolutionGuid = {56FB7D01-3838-42AE-820F-DA3BC944C04B}
	EndGlobalSection
EndGlobal
