
Microsoft Visual Studio Solution File, Format Version 12.00
# Visual Studio Version 17
VisualStudioVersion = 17.7.34031.279
MinimumVisualStudioVersion = 10.0.40219.1
Project("{FAE04EC0-301F-11D3-BF4B-00C04F79EFBC}") = "ST10067544_AwehProd_QueueTrigger", "ST10067544_AwehProd_QueueTrigger.csproj", "{FF352443-753A-479E-8D41-127CEF59664A}"
EndProject
Global
	GlobalSection(SolutionConfigurationPlatforms) = preSolution
		Debug|Any CPU = Debug|Any CPU
		Release|Any CPU = Release|Any CPU
	EndGlobalSection
	GlobalSection(ProjectConfigurationPlatforms) = postSolution
		{FF352443-753A-479E-8D41-127CEF59664A}.Debug|Any CPU.ActiveCfg = Debug|Any CPU
		{FF352443-753A-479E-8D41-127CEF59664A}.Debug|Any CPU.Build.0 = Debug|Any CPU
		{FF352443-753A-479E-8D41-127CEF59664A}.Release|Any CPU.ActiveCfg = Release|Any CPU
		{FF352443-753A-479E-8D41-127CEF59664A}.Release|Any CPU.Build.0 = Release|Any CPU
	EndGlobalSection
	GlobalSection(SolutionProperties) = preSolution
		HideSolutionNode = FALSE
	EndGlobalSection
	GlobalSection(ExtensibilityGlobals) = postSolution
		SolutionGuid = {28228807-F342-40FF-866F-76B9007E4307}
	EndGlobalSection
EndGlobal
